
Microsoft Visual Studio Solution File, Format Version 12.00
# Visual Studio Version 17
VisualStudioVersion = 17.11.35312.102
MinimumVisualStudioVersion = 10.0.40219.1
Project("{FAE04EC0-301F-11D3-BF4B-00C04F79EFBC}") = "RentACarSimilutaion.ConsoleUI", "RentACarSimilutaion\RentACarSimilutaion.ConsoleUI.csproj", "{7D2BE5DE-C5F7-4E14-9058-28F16BECE4CE}"
EndProject
Global
	GlobalSection(SolutionConfigurationPlatforms) = preSolution
		Debug|Any CPU = Debug|Any CPU
		Release|Any CPU = Release|Any CPU
	EndGlobalSection
	GlobalSection(ProjectConfigurationPlatforms) = postSolution
		{7D2BE5DE-C5F7-4E14-9058-28F16BECE4CE}.Debug|Any CPU.ActiveCfg = Debug|Any CPU
		{7D2BE5DE-C5F7-4E14-9058-28F16BECE4CE}.Debug|Any CPU.Build.0 = Debug|Any CPU
		{7D2BE5DE-C5F7-4E14-9058-28F16BECE4CE}.Release|Any CPU.ActiveCfg = Release|Any CPU
		{7D2BE5DE-C5F7-4E14-9058-28F16BECE4CE}.Release|Any CPU.Build.0 = Release|Any CPU
	EndGlobalSection
	GlobalSection(SolutionProperties) = preSolution
		HideSolutionNode = FALSE
	EndGlobalSection
	GlobalSection(ExtensibilityGlobals) = postSolution
		SolutionGuid = {4108E657-3EAE-4D2B-8405-1EB5FE24403B}
	EndGlobalSection
EndGlobal
